
Microsoft Visual Studio Solution File, Format Version 12.00
# Visual Studio Version 17
VisualStudioVersion = 17.6.33829.357
MinimumVisualStudioVersion = 10.0.40219.1
Project("{FAE04EC0-301F-11D3-BF4B-00C04F79EFBC}") = "AdvancedC#_task", "AdvancedC#_task\AdvancedC#_task.csproj", "{D724A20F-3E9F-4CAE-9268-6A51D6BF1226}"
EndProject
Global
	GlobalSection(SolutionConfigurationPlatforms) = preSolution
		Debug|Any CPU = Debug|Any CPU
		Release|Any CPU = Release|Any CPU
	EndGlobalSection
	GlobalSection(ProjectConfigurationPlatforms) = postSolution
		{D724A20F-3E9F-4CAE-9268-6A51D6BF1226}.Debug|Any CPU.ActiveCfg = Debug|Any CPU
		{D724A20F-3E9F-4CAE-9268-6A51D6BF1226}.Debug|Any CPU.Build.0 = Debug|Any CPU
		{D724A20F-3E9F-4CAE-9268-6A51D6BF1226}.Release|Any CPU.ActiveCfg = Release|Any CPU
		{D724A20F-3E9F-4CAE-9268-6A51D6BF1226}.Release|Any CPU.Build.0 = Release|Any CPU
	EndGlobalSection
	GlobalSection(SolutionProperties) = preSolution
		HideSolutionNode = FALSE
	EndGlobalSection
	GlobalSection(ExtensibilityGlobals) = postSolution
		SolutionGuid = {84EA495E-211B-4509-8D29-294751404550}
	EndGlobalSection
EndGlobal
